
Microsoft Visual Studio Solution File, Format Version 12.00
# Visual Studio Version 17
VisualStudioVersion = 17.5.002.0
MinimumVisualStudioVersion = 10.0.40219.1
Project("{9A19103F-16F7-4668-BE54-9A1E7A4F7556}") = "NesEmu", "NesEmu.csproj", "{F54556FF-F165-40E7-8A58-A4BE938E035E}"
EndProject
Project("{FAE04EC0-301F-11D3-BF4B-00C04F79EFBC}") = "NesEmu.Tests", "NesEmu.Tests\NesEmu.Tests.csproj", "{E83AB20C-CC4C-42F5-98B0-21FB2E617173}"
EndProject
Global
	GlobalSection(SolutionConfigurationPlatforms) = preSolution
		Debug|Any CPU = Debug|Any CPU
		Release|Any CPU = Release|Any CPU
	EndGlobalSection
	GlobalSection(ProjectConfigurationPlatforms) = postSolution
		{F54556FF-F165-40E7-8A58-A4BE938E035E}.Debug|Any CPU.ActiveCfg = Debug|Any CPU
		{F54556FF-F165-40E7-8A58-A4BE938E035E}.Debug|Any CPU.Build.0 = Debug|Any CPU
		{F54556FF-F165-40E7-8A58-A4BE938E035E}.Release|Any CPU.ActiveCfg = Release|Any CPU
		{F54556FF-F165-40E7-8A58-A4BE938E035E}.Release|Any CPU.Build.0 = Release|Any CPU
		{E83AB20C-CC4C-42F5-98B0-21FB2E617173}.Debug|Any CPU.ActiveCfg = Debug|Any CPU
		{E83AB20C-CC4C-42F5-98B0-21FB2E617173}.Debug|Any CPU.Build.0 = Debug|Any CPU
		{E83AB20C-CC4C-42F5-98B0-21FB2E617173}.Release|Any CPU.ActiveCfg = Release|Any CPU
		{E83AB20C-CC4C-42F5-98B0-21FB2E617173}.Release|Any CPU.Build.0 = Release|Any CPU
	EndGlobalSection
	GlobalSection(SolutionProperties) = preSolution
		HideSolutionNode = FALSE
	EndGlobalSection
	GlobalSection(ExtensibilityGlobals) = postSolution
		SolutionGuid = {761F8182-FADE-4807-918F-CD1343960257}
	EndGlobalSection
EndGlobal
